
Microsoft Visual Studio Solution File, Format Version 12.00
# Visual Studio Version 16
VisualStudioVersion = 16.0.28803.452
MinimumVisualStudioVersion = 10.0.40219.1
Project("{FAE04EC0-301F-11D3-BF4B-00C04F79EFBC}") = "ClassHW", "ClassHW\ClassHW.csproj", "{A064BC96-86F6-4D45-9C10-46707997320C}"
EndProject
Global
	GlobalSection(SolutionConfigurationPlatforms) = preSolution
		Debug|Any CPU = Debug|Any CPU
		Release|Any CPU = Release|Any CPU
	EndGlobalSection
	GlobalSection(ProjectConfigurationPlatforms) = postSolution
		{A064BC96-86F6-4D45-9C10-46707997320C}.Debug|Any CPU.ActiveCfg = Debug|Any CPU
		{A064BC96-86F6-4D45-9C10-46707997320C}.Debug|Any CPU.Build.0 = Debug|Any CPU
		{A064BC96-86F6-4D45-9C10-46707997320C}.Release|Any CPU.ActiveCfg = Release|Any CPU
		{A064BC96-86F6-4D45-9C10-46707997320C}.Release|Any CPU.Build.0 = Release|Any CPU
	EndGlobalSection
	GlobalSection(SolutionProperties) = preSolution
		HideSolutionNode = FALSE
	EndGlobalSection
	GlobalSection(ExtensibilityGlobals) = postSolution
		SolutionGuid = {B9BF8925-471D-4D97-A3DA-F587AC649C7B}
	EndGlobalSection
EndGlobal
